<?xml version="1.0" encoding="utf-8"?>
<Project ToolsVersion="4.0" xmlns="http://schemas.microsoft.com/developer/msbuild/2003">
  <ItemGroup>
    <Filter Include="Source Files">
      <UniqueIdentifier>{4FC737F1-C7A5-4376-A066-2A32D752A2FF}</UniqueIdentifier>
      <Extensions>cpp;c;cc;cxx;def;odl;idl;hpj;bat;asm;asmx</Extensions>
    </Filter>
    <Filter Include="Header Files">
      <UniqueIdentifier>{93995380-89BD-4b04-88EB-625FBE52EBFB}</UniqueIdentifier>
      <Extensions>h;hh;hpp;hxx;hm;inl;inc;ipp;xsd</Extensions>
    </Filter>
    <Filter Include="Resource Files">
      <UniqueIdentifier>{67DA6AB6-F800-4c08-8B7A-83BB121AAD01}</UniqueIdentifier>
      <Extensions>rc;ico;cur;bmp;dlg;rc2;rct;bin;rgs;gif;jpg;jpeg;jpe;resx;tiff;tif;png;wav;mfcribbon-ms</Extensions>
    </Filter>
    <Filter Include="Task">
      <UniqueIdentifier>{88e0b8c5-4785-4858-9740-b60921acc048}</UniqueIdentifier>
    </Filter>
  </ItemGroup>
  <ItemGroup>
    <ClCompile Include="A6.cpp">
      <Filter>Source Files</Filter>
    </ClCompile>
    <ClCompile Include="caccout.cpp">
      <Filter>Source Files</Filter>
    </ClCompile>
    <ClCompile Include="caddress.cpp">
      <Filter>Source Files</Filter>
    </ClCompile>
    <ClCompile Include="cbank.cpp">
      <Filter>Source Files</Filter>
    </ClCompile>
    <ClCompile Include="cbankmanager.cpp">
      <Filter>Source Files</Filter>
    </ClCompile>
    <ClCompile Include="ccurrentaccount.cpp">
      <Filter>Source Files</Filter>
    </ClCompile>
    <ClCompile Include="ccustomer.cpp">
      <Filter>Source Files</Filter>
    </ClCompile>
    <ClCompile Include="cdate.cpp">
      <Filter>Source Files</Filter>
    </ClCompile>
    <ClCompile Include="cfixeddepositaccount.cpp">
      <Filter>Source Files</Filter>
    </ClCompile>
    <ClCompile Include="cmoney.cpp">
      <Filter>Source Files</Filter>
    </ClCompile>
    <ClCompile Include="csavingsaccount.cpp">
      <Filter>Source Files</Filter>
    </ClCompile>
    <ClCompile Include="ctimestamp.cpp">
      <Filter>Source Files</Filter>
    </ClCompile>
    <ClCompile Include="ctransactionbatch.cpp">
      <Filter>Source Files</Filter>
    </ClCompile>
    <ClCompile Include="ctransaktion.cpp">
      <Filter>Source Files</Filter>
    </ClCompile>
    <ClCompile Include="MethodeLib.cpp">
      <Filter>Source Files</Filter>
    </ClCompile>
  </ItemGroup>
  <ItemGroup>
    <ClInclude Include="ccustomer.h">
      <Filter>Header Files</Filter>
    </ClInclude>
    <ClInclude Include="caccount.h">
      <Filter>Header Files</Filter>
    </ClInclude>
    <ClInclude Include="caddress.h">
      <Filter>Header Files</Filter>
    </ClInclude>
    <ClInclude Include="cbank.h">
      <Filter>Header Files</Filter>
    </ClInclude>
    <ClInclude Include="cbankmanager.h">
      <Filter>Header Files</Filter>
    </ClInclude>
    <ClInclude Include="ccurrentaccount.h">
      <Filter>Header Files</Filter>
    </ClInclude>
    <ClInclude Include="cdate.h">
      <Filter>Header Files</Filter>
    </ClInclude>
    <ClInclude Include="cfixeddepositaccount.h">
      <Filter>Header Files</Filter>
    </ClInclude>
    <ClInclude Include="cmoney.h">
      <Filter>Header Files</Filter>
    </ClInclude>
    <ClInclude Include="csavingsaccount.h">
      <Filter>Header Files</Filter>
    </ClInclude>
    <ClInclude Include="ctime.h">
      <Filter>Header Files</Filter>
    </ClInclude>
    <ClInclude Include="ctimestamp.h">
      <Filter>Header Files</Filter>
    </ClInclude>
    <ClInclude Include="ctransactionbatch.h">
      <Filter>Header Files</Filter>
    </ClInclude>
    <ClInclude Include="ctransaktion.h">
      <Filter>Header Files</Filter>
    </ClInclude>
    <ClInclude Include="cweekday.h">
      <Filter>Header Files</Filter>
    </ClInclude>
    <ClInclude Include="MethodeLib.h">
      <Filter>Header Files</Filter>
    </ClInclude>
    <ClInclude Include="cliste.h">
      <Filter>Header Files</Filter>
    </ClInclude>
  </ItemGroup>
  <ItemGroup>
    <None Include="..\Task\banken.pdf">
      <Filter>Task</Filter>
    </None>
    <None Include="..\Task\ueb06.pdf">
      <Filter>Task</Filter>
    </None>
  </ItemGroup>
</Project>